
Microsoft Visual Studio Solution File, Format Version 12.00
# Visual Studio Version 17
VisualStudioVersion = 17.14.36616.10 d17.14
MinimumVisualStudioVersion = 10.0.40219.1
Project("{8BC9CEB8-8B4A-11D0-8D11-00A0C91BC942}") = "210-midterm-2", "210-midterm-2.vcxproj", "{4A967EFB-5287-4D1A-944C-92CC466C44E3}"
EndProject
Global
	GlobalSection(SolutionConfigurationPlatforms) = preSolution
		Debug|x64 = Debug|x64
		Debug|x86 = Debug|x86
		Release|x64 = Release|x64
		Release|x86 = Release|x86
	EndGlobalSection
	GlobalSection(ProjectConfigurationPlatforms) = postSolution
		{4A967EFB-5287-4D1A-944C-92CC466C44E3}.Debug|x64.ActiveCfg = Debug|x64
		{4A967EFB-5287-4D1A-944C-92CC466C44E3}.Debug|x64.Build.0 = Debug|x64
		{4A967EFB-5287-4D1A-944C-92CC466C44E3}.Debug|x86.ActiveCfg = Debug|Win32
		{4A967EFB-5287-4D1A-944C-92CC466C44E3}.Debug|x86.Build.0 = Debug|Win32
		{4A967EFB-5287-4D1A-944C-92CC466C44E3}.Release|x64.ActiveCfg = Release|x64
		{4A967EFB-5287-4D1A-944C-92CC466C44E3}.Release|x64.Build.0 = Release|x64
		{4A967EFB-5287-4D1A-944C-92CC466C44E3}.Release|x86.ActiveCfg = Release|Win32
		{4A967EFB-5287-4D1A-944C-92CC466C44E3}.Release|x86.Build.0 = Release|Win32
	EndGlobalSection
	GlobalSection(SolutionProperties) = preSolution
		HideSolutionNode = FALSE
	EndGlobalSection
	GlobalSection(ExtensibilityGlobals) = postSolution
		SolutionGuid = {C217DB76-786C-48AE-91DD-1FCB0AC8DD70}
	EndGlobalSection
EndGlobal
